
Microsoft Visual Studio Solution File, Format Version 12.00
# Visual Studio Version 17
VisualStudioVersion = 17.10.35201.131
MinimumVisualStudioVersion = 10.0.40219.1
Project("{FAE04EC0-301F-11D3-BF4B-00C04F79EFBC}") = "NZNews.Api.tests", "NZNews.Api.tests.csproj", "{5AC151C4-33D8-494C-AC31-2F8A16205290}"
EndProject
Project("{9A19103F-16F7-4668-BE54-9A1E7A4F7556}") = "NZNewsApi", "..\aspnet-core\NZNewsApi.csproj", "{33593CE9-DDDE-4C99-B6B4-6498DD624B4A}"
EndProject
Global
	GlobalSection(SolutionConfigurationPlatforms) = preSolution
		Debug|Any CPU = Debug|Any CPU
		Release|Any CPU = Release|Any CPU
	EndGlobalSection
	GlobalSection(ProjectConfigurationPlatforms) = postSolution
		{5AC151C4-33D8-494C-AC31-2F8A16205290}.Debug|Any CPU.ActiveCfg = Debug|Any CPU
		{5AC151C4-33D8-494C-AC31-2F8A16205290}.Debug|Any CPU.Build.0 = Debug|Any CPU
		{5AC151C4-33D8-494C-AC31-2F8A16205290}.Release|Any CPU.ActiveCfg = Release|Any CPU
		{5AC151C4-33D8-494C-AC31-2F8A16205290}.Release|Any CPU.Build.0 = Release|Any CPU
		{33593CE9-DDDE-4C99-B6B4-6498DD624B4A}.Debug|Any CPU.ActiveCfg = Debug|Any CPU
		{33593CE9-DDDE-4C99-B6B4-6498DD624B4A}.Debug|Any CPU.Build.0 = Debug|Any CPU
		{33593CE9-DDDE-4C99-B6B4-6498DD624B4A}.Release|Any CPU.ActiveCfg = Release|Any CPU
		{33593CE9-DDDE-4C99-B6B4-6498DD624B4A}.Release|Any CPU.Build.0 = Release|Any CPU
	EndGlobalSection
	GlobalSection(SolutionProperties) = preSolution
		HideSolutionNode = FALSE
	EndGlobalSection
	GlobalSection(ExtensibilityGlobals) = postSolution
		SolutionGuid = {0C2D0107-D926-4397-9ECE-85B2C3BF7B21}
	EndGlobalSection
EndGlobal
